// !$*UTF8*$!
{
	archiveVersion = 1;
	classes = {
	};
	objectVersion = 56;
	objects = {

/* Begin PBXBuildFile section */
		B8C3785029F430B100BE623C /* programmers_카펫.swift in Sources */ = {isa = PBXBuildFile; fileRef = B8D74EFF29ED39AF00E0E069 /* programmers_카펫.swift */; };
		B8C3785329F436D400BE623C /* programmers_이진 변환 반복하기.swift in Sources */ = {isa = PBXBuildFile; fileRef = B8C3785229F436D400BE623C /* programmers_이진 변환 반복하기.swift */; };
		B8C3785729F43E9400BE623C /* 한글로 다시 변경.swift in Sources */ = {isa = PBXBuildFile; fileRef = B8C3785629F43E9400BE623C /* 한글로 다시 변경.swift */; };
/* End PBXBuildFile section */

/* Begin PBXCopyFilesBuildPhase section */
		B8CC648429E5A0C0005FFFEE /* CopyFiles */ = {
			isa = PBXCopyFilesBuildPhase;
			buildActionMask = 2147483647;
			dstPath = /usr/share/man/man1/;
			dstSubfolderSpec = 0;
			files = (
			);
			runOnlyForDeploymentPostprocessing = 1;
		};
/* End PBXCopyFilesBuildPhase section */

/* Begin PBXFileReference section */
		B8767B5329F2F92200435953 /* codility_cyclicRotation.swift */ = {isa = PBXFileReference; lastKnownFileType = sourcecode.swift; path = codility_cyclicRotation.swift; sourceTree = "<group>"; };
		B8767B5729F3024300435953 /* programmers_최솟값만들기.swift */ = {isa = PBXFileReference; lastKnownFileType = sourcecode.swift; path = "programmers_최솟값만들기.swift"; sourceTree = "<group>"; };
		B8767B5929F3FBB500435953 /* programmers_올바른괄호.swift */ = {isa = PBXFileReference; lastKnownFileType = sourcecode.swift; path = "programmers_올바른괄호.swift"; sourceTree = "<group>"; };
		B8C3785229F436D400BE623C /* programmers_이진 변환 반복하기.swift */ = {isa = PBXFileReference; lastKnownFileType = sourcecode.swift; path = "programmers_이진 변환 반복하기.swift"; sourceTree = "<group>"; };
		B8C3785629F43E9400BE623C /* 한글로 다시 변경.swift */ = {isa = PBXFileReference; lastKnownFileType = sourcecode.swift; path = "한글로 다시 변경.swift"; sourceTree = "<group>"; };
		B8CC648629E5A0C0005FFFEE /* SwiftAlgorithm */ = {isa = PBXFileReference; explicitFileType = "compiled.mach-o.executable"; includeInIndex = 0; path = SwiftAlgorithm; sourceTree = BUILT_PRODUCTS_DIR; };
		B8CC64A529EC556B005FFFEE /* programmers_최댓값과최솟값.swift */ = {isa = PBXFileReference; lastKnownFileType = sourcecode.swift; path = "programmers_최댓값과최솟값.swift"; sourceTree = "<group>"; };
		B8CC64A729EC6EC4005FFFEE /* programmers_jadencase문자열만들기.swift */ = {isa = PBXFileReference; lastKnownFileType = sourcecode.swift; path = "programmers_jadencase문자열만들기.swift"; sourceTree = "<group>"; };
		B8CC64AB29ED1A9C005FFFEE /* programmers_튜플.swift */ = {isa = PBXFileReference; lastKnownFileType = sourcecode.swift; path = "programmers_튜플.swift"; sourceTree = "<group>"; };
		B8D74EFF29ED39AF00E0E069 /* programmers_카펫.swift */ = {isa = PBXFileReference; lastKnownFileType = sourcecode.swift; path = "programmers_카펫.swift"; sourceTree = "<group>"; };
/* End PBXFileReference section */

/* Begin PBXFrameworksBuildPhase section */
		B8CC648329E5A0C0005FFFEE /* Frameworks */ = {
			isa = PBXFrameworksBuildPhase;
			buildActionMask = 2147483647;
			files = (
			);
			runOnlyForDeploymentPostprocessing = 0;
		};
/* End PBXFrameworksBuildPhase section */

/* Begin PBXGroup section */
		B8767B5229F2F8FA00435953 /* 4.22 */ = {
			isa = PBXGroup;
			children = (
				B8767B5329F2F92200435953 /* codility_cyclicRotation.swift */,
				B8767B5729F3024300435953 /* programmers_최솟값만들기.swift */,
				B8767B5929F3FBB500435953 /* programmers_올바른괄호.swift */,
			);
			path = 4.22;
			sourceTree = "<group>";
		};
		B8C3785129F436CB00BE623C /* 4.23 */ = {
			isa = PBXGroup;
			children = (
				B8C3785229F436D400BE623C /* programmers_이진 변환 반복하기.swift */,
				B8C3785629F43E9400BE623C /* 한글로 다시 변경.swift */,
			);
			path = 4.23;
			sourceTree = "<group>";
		};
		B8CC647D29E5A0C0005FFFEE = {
			isa = PBXGroup;
			children = (
				B8CC648829E5A0C0005FFFEE /* SwiftAlgorithm */,
				B8CC648729E5A0C0005FFFEE /* Products */,
			);
			sourceTree = "<group>";
		};
		B8CC648729E5A0C0005FFFEE /* Products */ = {
			isa = PBXGroup;
			children = (
				B8CC648629E5A0C0005FFFEE /* SwiftAlgorithm */,
			);
			name = Products;
			sourceTree = "<group>";
		};
		B8CC648829E5A0C0005FFFEE /* SwiftAlgorithm */ = {
			isa = PBXGroup;
			children = (
				B8C3785129F436CB00BE623C /* 4.23 */,
				B8767B5229F2F8FA00435953 /* 4.22 */,
				B8CC64A929EC6ECC005FFFEE /* 4.17 */,
			);
			path = SwiftAlgorithm;
			sourceTree = "<group>";
		};
		B8CC64A929EC6ECC005FFFEE /* 4.17 */ = {
			isa = PBXGroup;
			children = (
				B8CC64A529EC556B005FFFEE /* programmers_최댓값과최솟값.swift */,
				B8CC64A729EC6EC4005FFFEE /* programmers_jadencase문자열만들기.swift */,
				B8CC64AB29ED1A9C005FFFEE /* programmers_튜플.swift */,
				B8D74EFF29ED39AF00E0E069 /* programmers_카펫.swift */,
			);
			path = 4.17;
			sourceTree = "<group>";
		};
/* End PBXGroup section */

/* Begin PBXNativeTarget section */
		B8CC648529E5A0C0005FFFEE /* SwiftAlgorithm */ = {
			isa = PBXNativeTarget;
			buildConfigurationList = B8CC648D29E5A0C0005FFFEE /* Build configuration list for PBXNativeTarget "SwiftAlgorithm" */;
			buildPhases = (
				B8CC648229E5A0C0005FFFEE /* Sources */,
				B8CC648329E5A0C0005FFFEE /* Frameworks */,
				B8CC648429E5A0C0005FFFEE /* CopyFiles */,
			);
			buildRules = (
			);
			dependencies = (
			);
			name = SwiftAlgorithm;
			productName = SwiftAlgorithm;
			productReference = B8CC648629E5A0C0005FFFEE /* SwiftAlgorithm */;
			productType = "com.apple.product-type.tool";
		};
/* End PBXNativeTarget section */

/* Begin PBXProject section */
		B8CC647E29E5A0C0005FFFEE /* Project object */ = {
			isa = PBXProject;
			attributes = {
				BuildIndependentTargetsInParallel = 1;
				LastSwiftUpdateCheck = 1420;
				LastUpgradeCheck = 1420;
				TargetAttributes = {
					B8CC648529E5A0C0005FFFEE = {
						CreatedOnToolsVersion = 14.2;
						LastSwiftMigration = 1420;
					};
				};
			};
			buildConfigurationList = B8CC648129E5A0C0005FFFEE /* Build configuration list for PBXProject "SwiftAlgorithm" */;
			compatibilityVersion = "Xcode 14.0";
			developmentRegion = en;
			hasScannedForEncodings = 0;
			knownRegions = (
				en,
				Base,
			);
			mainGroup = B8CC647D29E5A0C0005FFFEE;
			productRefGroup = B8CC648729E5A0C0005FFFEE /* Products */;
			projectDirPath = "";
			projectRoot = "";
			targets = (
				B8CC648529E5A0C0005FFFEE /* SwiftAlgorithm */,
			);
		};
/* End PBXProject section */

/* Begin PBXSourcesBuildPhase section */
		B8CC648229E5A0C0005FFFEE /* Sources */ = {
			isa = PBXSourcesBuildPhase;
			buildActionMask = 2147483647;
			files = (
				B8C3785329F436D400BE623C /* programmers_이진 변환 반복하기.swift in Sources */,
				B8C3785029F430B100BE623C /* programmers_카펫.swift in Sources */,
				B8C3785729F43E9400BE623C /* 한글로 다시 변경.swift in Sources */,
			);
			runOnlyForDeploymentPostprocessing = 0;
		};
/* End PBXSourcesBuildPhase section */

/* Begin XCBuildConfiguration section */
		B8CC648B29E5A0C0005FFFEE /* Debug */ = {
			isa = XCBuildConfiguration;
			buildSettings = {
				ALWAYS_SEARCH_USER_PATHS = NO;
				CLANG_ANALYZER_NONNULL = YES;
				CLANG_ANALYZER_NUMBER_OBJECT_CONVERSION = YES_AGGRESSIVE;
				CLANG_CXX_LANGUAGE_STANDARD = "gnu++20";
				CLANG_ENABLE_MODULES = YES;
				CLANG_ENABLE_OBJC_ARC = YES;
				CLANG_ENABLE_OBJC_WEAK = YES;
				CLANG_WARN_BLOCK_CAPTURE_AUTORELEASING = YES;
				CLANG_WARN_BOOL_CONVERSION = YES;
				CLANG_WARN_COMMA = YES;
				CLANG_WARN_CONSTANT_CONVERSION = YES;
				CLANG_WARN_DEPRECATED_OBJC_IMPLEMENTATIONS = YES;
				CLANG_WARN_DIRECT_OBJC_ISA_USAGE = YES_ERROR;
				CLANG_WARN_DOCUMENTATION_COMMENTS = YES;
				CLANG_WARN_EMPTY_BODY = YES;
				CLANG_WARN_ENUM_CONVERSION = YES;
				CLANG_WARN_INFINITE_RECURSION = YES;
				CLANG_WARN_INT_CONVERSION = YES;
				CLANG_WARN_NON_LITERAL_NULL_CONVERSION = YES;
				CLANG_WARN_OBJC_IMPLICIT_RETAIN_SELF = YES;
				CLANG_WARN_OBJC_LITERAL_CONVERSION = YES;
				CLANG_WARN_OBJC_ROOT_CLASS = YES_ERROR;
				CLANG_WARN_QUOTED_INCLUDE_IN_FRAMEWORK_HEADER = YES;
				CLANG_WARN_RANGE_LOOP_ANALYSIS = YES;
				CLANG_WARN_STRICT_PROTOTYPES = YES;
				CLANG_WARN_SUSPICIOUS_MOVE = YES;
				CLANG_WARN_UNGUARDED_AVAILABILITY = YES_AGGRESSIVE;
				CLANG_WARN_UNREACHABLE_CODE = YES;
				CLANG_WARN__DUPLICATE_METHOD_MATCH = YES;
				COPY_PHASE_STRIP = NO;
				DEBUG_INFORMATION_FORMAT = dwarf;
				ENABLE_STRICT_OBJC_MSGSEND = YES;
				ENABLE_TESTABILITY = YES;
				GCC_C_LANGUAGE_STANDARD = gnu11;
				GCC_DYNAMIC_NO_PIC = NO;
				GCC_NO_COMMON_BLOCKS = YES;
				GCC_OPTIMIZATION_LEVEL = 0;
				GCC_PREPROCESSOR_DEFINITIONS = (
					"DEBUG=1",
					"$(inherited)",
				);
				GCC_WARN_64_TO_32_BIT_CONVERSION = YES;
				GCC_WARN_ABOUT_RETURN_TYPE = YES_ERROR;
				GCC_WARN_UNDECLARED_SELECTOR = YES;
				GCC_WARN_UNINITIALIZED_AUTOS = YES_AGGRESSIVE;
				GCC_WARN_UNUSED_FUNCTION = YES;
				GCC_WARN_UNUSED_VARIABLE = YES;
				MACOSX_DEPLOYMENT_TARGET = 12.6;
				MTL_ENABLE_DEBUG_INFO = INCLUDE_SOURCE;
				MTL_FAST_MATH = YES;
				ONLY_ACTIVE_ARCH = YES;
				SDKROOT = macosx;
				SWIFT_ACTIVE_COMPILATION_CONDITIONS = DEBUG;
				SWIFT_OPTIMIZATION_LEVEL = "-Onone";
			};
			name = Debug;
		};
		B8CC648C29E5A0C0005FFFEE /* Release */ = {
			isa = XCBuildConfiguration;
			buildSettings = {
				ALWAYS_SEARCH_USER_PATHS = NO;
				CLANG_ANALYZER_NONNULL = YES;
				CLANG_ANALYZER_NUMBER_OBJECT_CONVERSION = YES_AGGRESSIVE;
				CLANG_CXX_LANGUAGE_STANDARD = "gnu++20";
				CLANG_ENABLE_MODULES = YES;
				CLANG_ENABLE_OBJC_ARC = YES;
				CLANG_ENABLE_OBJC_WEAK = YES;
				CLANG_WARN_BLOCK_CAPTURE_AUTORELEASING = YES;
				CLANG_WARN_BOOL_CONVERSION = YES;
				CLANG_WARN_COMMA = YES;
				CLANG_WARN_CONSTANT_CONVERSION = YES;
				CLANG_WARN_DEPRECATED_OBJC_IMPLEMENTATIONS = YES;
				CLANG_WARN_DIRECT_OBJC_ISA_USAGE = YES_ERROR;
				CLANG_WARN_DOCUMENTATION_COMMENTS = YES;
				CLANG_WARN_EMPTY_BODY = YES;
				CLANG_WARN_ENUM_CONVERSION = YES;
				CLANG_WARN_INFINITE_RECURSION = YES;
				CLANG_WARN_INT_CONVERSION = YES;
				CLANG_WARN_NON_LITERAL_NULL_CONVERSION = YES;
				CLANG_WARN_OBJC_IMPLICIT_RETAIN_SELF = YES;
				CLANG_WARN_OBJC_LITERAL_CONVERSION = YES;
				CLANG_WARN_OBJC_ROOT_CLASS = YES_ERROR;
				CLANG_WARN_QUOTED_INCLUDE_IN_FRAMEWORK_HEADER = YES;
				CLANG_WARN_RANGE_LOOP_ANALYSIS = YES;
				CLANG_WARN_STRICT_PROTOTYPES = YES;
				CLANG_WARN_SUSPICIOUS_MOVE = YES;
				CLANG_WARN_UNGUARDED_AVAILABILITY = YES_AGGRESSIVE;
				CLANG_WARN_UNREACHABLE_CODE = YES;
				CLANG_WARN__DUPLICATE_METHOD_MATCH = YES;
				COPY_PHASE_STRIP = NO;
				DEBUG_INFORMATION_FORMAT = "dwarf-with-dsym";
				ENABLE_NS_ASSERTIONS = NO;
				ENABLE_STRICT_OBJC_MSGSEND = YES;
				GCC_C_LANGUAGE_STANDARD = gnu11;
				GCC_NO_COMMON_BLOCKS = YES;
				GCC_WARN_64_TO_32_BIT_CONVERSION = YES;
				GCC_WARN_ABOUT_RETURN_TYPE = YES_ERROR;
				GCC_WARN_UNDECLARED_SELECTOR = YES;
				GCC_WARN_UNINITIALIZED_AUTOS = YES_AGGRESSIVE;
				GCC_WARN_UNUSED_FUNCTION = YES;
				GCC_WARN_UNUSED_VARIABLE = YES;
				MACOSX_DEPLOYMENT_TARGET = 12.6;
				MTL_ENABLE_DEBUG_INFO = NO;
				MTL_FAST_MATH = YES;
				SDKROOT = macosx;
				SWIFT_COMPILATION_MODE = wholemodule;
				SWIFT_OPTIMIZATION_LEVEL = "-O";
			};
			name = Release;
		};
		B8CC648E29E5A0C0005FFFEE /* Debug */ = {
			isa = XCBuildConfiguration;
			buildSettings = {
				CLANG_ENABLE_MODULES = YES;
				CODE_SIGN_STYLE = Automatic;
				DEVELOPMENT_TEAM = B849TJY5N4;
				ENABLE_HARDENED_RUNTIME = YES;
				LD_RUNPATH_SEARCH_PATHS = (
					"$(inherited)",
					"@executable_path/../Frameworks",
					"@loader_path/../Frameworks",
				);
				MACOSX_DEPLOYMENT_TARGET = "$(RECOMMENDED_MACOSX_DEPLOYMENT_TARGET)";
				PRODUCT_NAME = "$(TARGET_NAME)";
				SWIFT_OPTIMIZATION_LEVEL = "-Onone";
				SWIFT_VERSION = 5.0;
			};
			name = Debug;
		};
		B8CC648F29E5A0C0005FFFEE /* Release */ = {
			isa = XCBuildConfiguration;
			buildSettings = {
				CLANG_ENABLE_MODULES = YES;
				CODE_SIGN_STYLE = Automatic;
				DEVELOPMENT_TEAM = B849TJY5N4;
				ENABLE_HARDENED_RUNTIME = YES;
				LD_RUNPATH_SEARCH_PATHS = (
					"$(inherited)",
					"@executable_path/../Frameworks",
					"@loader_path/../Frameworks",
				);
				MACOSX_DEPLOYMENT_TARGET = "$(RECOMMENDED_MACOSX_DEPLOYMENT_TARGET)";
				PRODUCT_NAME = "$(TARGET_NAME)";
				SWIFT_VERSION = 5.0;
			};
			name = Release;
		};
/* End XCBuildConfiguration section */

/* Begin XCConfigurationList section */
		B8CC648129E5A0C0005FFFEE /* Build configuration list for PBXProject "SwiftAlgorithm" */ = {
			isa = XCConfigurationList;
			buildConfigurations = (
				B8CC648B29E5A0C0005FFFEE /* Debug */,
				B8CC648C29E5A0C0005FFFEE /* Release */,
			);
			defaultConfigurationIsVisible = 0;
			defaultConfigurationName = Release;
		};
		B8CC648D29E5A0C0005FFFEE /* Build configuration list for PBXNativeTarget "SwiftAlgorithm" */ = {
			isa = XCConfigurationList;
			buildConfigurations = (
				B8CC648E29E5A0C0005FFFEE /* Debug */,
				B8CC648F29E5A0C0005FFFEE /* Release */,
			);
			defaultConfigurationIsVisible = 0;
			defaultConfigurationName = Release;
		};
/* End XCConfigurationList section */
	};
	rootObject = B8CC647E29E5A0C0005FFFEE /* Project object */;
}
